// !$*UTF8*$!
{
	archiveVersion = 1;
	classes = {
	};
	objectVersion = 46;
	objects = {

/* Begin PBXBuildFile section */
		4CDDAA521EF55B3A006BCA28 /* main.cpp in Sources */ = {isa = PBXBuildFile; fileRef = 4CDDAA511EF55B3A006BCA28 /* main.cpp */; };
/* End PBXBuildFile section */

/* Begin PBXCopyFilesBuildPhase section */
		4CDDAA4C1EF55B3A006BCA28 /* CopyFiles */ = {
			isa = PBXCopyFilesBuildPhase;
			buildActionMask = 2147483647;
			dstPath = /usr/share/man/man1/;
			dstSubfolderSpec = 0;
			files = (
			);
			runOnlyForDeploymentPostprocessing = 1;
		};
/* End PBXCopyFilesBuildPhase section */

/* Begin PBXFileReference section */
		4CDDAA4E1EF55B3A006BCA28 /* 46-const-keyword */ = {isa = PBXFileReference; explicitFileType = "compiled.mach-o.executable"; includeInIndex = 0; path = "46-const-keyword"; sourceTree = BUILT_PRODUCTS_DIR; };
		4CDDAA511EF55B3A006BCA28 /* main.cpp */ = {isa = PBXFileReference; lastKnownFileType = sourcecode.cpp.cpp; path = main.cpp; sourceTree = "<group>"; };
/* End PBXFileReference section */

/* Begin PBXFrameworksBuildPhase section */
		4CDDAA4B1EF55B3A006BCA28 /* Frameworks */ = {
			isa = PBXFrameworksBuildPhase;
			buildActionMask = 2147483647;
			files = (
			);
			runOnlyForDeploymentPostprocessing = 0;
		};
/* End PBXFrameworksBuildPhase section */

/* Begin PBXGroup section */
		4CDDAA451EF55B3A006BCA28 = {
			isa = PBXGroup;
			children = (
				4CDDAA501EF55B3A006BCA28 /* 46-const-keyword */,
				4CDDAA4F1EF55B3A006BCA28 /* Products */,
			);
			sourceTree = "<group>";
		};
		4CDDAA4F1EF55B3A006BCA28 /* Products */ = {
			isa = PBXGroup;
			children = (
				4CDDAA4E1EF55B3A006BCA28 /* 46-const-keyword */,
			);
			name = Products;
			sourceTree = "<group>";
		};
		4CDDAA501EF55B3A006BCA28 /* 46-const-keyword */ = {
			isa = PBXGroup;
			children = (
				4CDDAA511EF55B3A006BCA28 /* main.cpp */,
			);
			path = "46-const-keyword";
			sourceTree = "<group>";
		};
/* End PBXGroup section */

/* Begin PBXNativeTarget section */
		4CDDAA4D1EF55B3A006BCA28 /* 46-const-keyword */ = {
			isa = PBXNativeTarget;
			buildConfigurationList = 4CDDAA551EF55B3A006BCA28 /* Build configuration list for PBXNativeTarget "46-const-keyword" */;
			buildPhases = (
				4CDDAA4A1EF55B3A006BCA28 /* Sources */,
				4CDDAA4B1EF55B3A006BCA28 /* Frameworks */,
				4CDDAA4C1EF55B3A006BCA28 /* CopyFiles */,
			);
			buildRules = (
			);
			dependencies = (
			);
			name = "46-const-keyword";
			productName = "46-const-keyword";
			productReference = 4CDDAA4E1EF55B3A006BCA28 /* 46-const-keyword */;
			productType = "com.apple.product-type.tool";
		};
/* End PBXNativeTarget section */

/* Begin PBXProject section */
		4CDDAA461EF55B3A006BCA28 /* Project object */ = {
			isa = PBXProject;
			attributes = {
				LastUpgradeCheck = 0810;
				ORGANIZATIONNAME = "Jessica Yung";
				TargetAttributes = {
					4CDDAA4D1EF55B3A006BCA28 = {
						CreatedOnToolsVersion = 8.1;
						DevelopmentTeam = X8593ABXKE;
						ProvisioningStyle = Automatic;
					};
				};
			};
			buildConfigurationList = 4CDDAA491EF55B3A006BCA28 /* Build configuration list for PBXProject "46-const-keyword" */;
			compatibilityVersion = "Xcode 3.2";
			developmentRegion = English;
			hasScannedForEncodings = 0;
			knownRegions = (
				en,
			);
			mainGroup = 4CDDAA451EF55B3A006BCA28;
			productRefGroup = 4CDDAA4F1EF55B3A006BCA28 /* Products */;
			projectDirPath = "";
			projectRoot = "";
			targets = (
				4CDDAA4D1EF55B3A006BCA28 /* 46-const-keyword */,
			);
		};
/* End PBXProject section */

/* Begin PBXSourcesBuildPhase section */
		4CDDAA4A1EF55B3A006BCA28 /* Sources */ = {
			isa = PBXSourcesBuildPhase;
			buildActionMask = 2147483647;
			files = (
				4CDDAA521EF55B3A006BCA28 /* main.cpp in Sources */,
			);
			runOnlyForDeploymentPostprocessing = 0;
		};
/* End PBXSourcesBuildPhase section */

/* Begin XCBuildConfiguration section */
		4CDDAA531EF55B3A006BCA28 /* Debug */ = {
			isa = XCBuildConfiguration;
			buildSettings = {
				ALWAYS_SEARCH_USER_PATHS = NO;
				CLANG_ANALYZER_NONNULL = YES;
				CLANG_CXX_LANGUAGE_STANDARD = "gnu++0x";
				CLANG_CXX_LIBRARY = "libc++";
				CLANG_ENABLE_MODULES = YES;
				CLANG_ENABLE_OBJC_ARC = YES;
				CLANG_WARN_BOOL_CONVERSION = YES;
				CLANG_WARN_CONSTANT_CONVERSION = YES;
				CLANG_WARN_DIRECT_OBJC_ISA_USAGE = YES_ERROR;
				CLANG_WARN_DOCUMENTATION_COMMENTS = YES;
				CLANG_WARN_EMPTY_BODY = YES;
				CLANG_WARN_ENUM_CONVERSION = YES;
				CLANG_WARN_INFINITE_RECURSION = YES;
				CLANG_WARN_INT_CONVERSION = YES;
				CLANG_WARN_OBJC_ROOT_CLASS = YES_ERROR;
				CLANG_WARN_SUSPICIOUS_MOVES = YES;
				CLANG_WARN_UNREACHABLE_CODE = YES;
				CLANG_WARN__DUPLICATE_METHOD_MATCH = YES;
				CODE_SIGN_IDENTITY = "-";
				COPY_PHASE_STRIP = NO;
				DEBUG_INFORMATION_FORMAT = dwarf;
				ENABLE_STRICT_OBJC_MSGSEND = YES;
				ENABLE_TESTABILITY = YES;
				GCC_C_LANGUAGE_STANDARD = gnu99;
				GCC_DYNAMIC_NO_PIC = NO;
				GCC_NO_COMMON_BLOCKS = YES;
				GCC_OPTIMIZATION_LEVEL = 0;
				GCC_PREPROCESSOR_DEFINITIONS = (
					"DEBUG=1",
					"$(inherited)",
				);
				GCC_WARN_64_TO_32_BIT_CONVERSION = YES;
				GCC_WARN_ABOUT_RETURN_TYPE = YES_ERROR;
				GCC_WARN_UNDECLARED_SELECTOR = YES;
				GCC_WARN_UNINITIALIZED_AUTOS = YES_AGGRESSIVE;
				GCC_WARN_UNUSED_FUNCTION = YES;
				GCC_WARN_UNUSED_VARIABLE = YES;
				MACOSX_DEPLOYMENT_TARGET = 10.12;
				MTL_ENABLE_DEBUG_INFO = YES;
				ONLY_ACTIVE_ARCH = YES;
				SDKROOT = macosx;
			};
			name = Debug;
		};
		4CDDAA541EF55B3A006BCA28 /* Release */ = {
			isa = XCBuildConfiguration;
			buildSettings = {
				ALWAYS_SEARCH_USER_PATHS = NO;
				CLANG_ANALYZER_NONNULL = YES;
				CLANG_CXX_LANGUAGE_STANDARD = "gnu++0x";
				CLANG_CXX_LIBRARY = "libc++";
				CLANG_ENABLE_MODULES = YES;
				CLANG_ENABLE_OBJC_ARC = YES;
				CLANG_WARN_BOOL_CONVERSION = YES;
				CLANG_WARN_CONSTANT_CONVERSION = YES;
				CLANG_WARN_DIRECT_OBJC_ISA_USAGE = YES_ERROR;
				CLANG_WARN_DOCUMENTATION_COMMENTS = YES;
				CLANG_WARN_EMPTY_BODY = YES;
				CLANG_WARN_ENUM_CONVERSION = YES;
				CLANG_WARN_INFINITE_RECURSION = YES;
				CLANG_WARN_INT_CONVERSION = YES;
				CLANG_WARN_OBJC_ROOT_CLASS = YES_ERROR;
				CLANG_WARN_SUSPICIOUS_MOVES = YES;
				CLANG_WARN_UNREACHABLE_CODE = YES;
				CLANG_WARN__DUPLICATE_METHOD_MATCH = YES;
				CODE_SIGN_IDENTITY = "-";
				COPY_PHASE_STRIP = NO;
				DEBUG_INFORMATION_FORMAT = "dwarf-with-dsym";
				ENABLE_NS_ASSERTIONS = NO;
				ENABLE_STRICT_OBJC_MSGSEND = YES;
				GCC_C_LANGUAGE_STANDARD = gnu99;
				GCC_NO_COMMON_BLOCKS = YES;
				GCC_WARN_64_TO_32_BIT_CONVERSION = YES;
				GCC_WARN_ABOUT_RETURN_TYPE = YES_ERROR;
				GCC_WARN_UNDECLARED_SELECTOR = YES;
				GCC_WARN_UNINITIALIZED_AUTOS = YES_AGGRESSIVE;
				GCC_WARN_UNUSED_FUNCTION = YES;
				GCC_WARN_UNUSED_VARIABLE = YES;
				MACOSX_DEPLOYMENT_TARGET = 10.12;
				MTL_ENABLE_DEBUG_INFO = NO;
				SDKROOT = macosx;
			};
			name = Release;
		};
		4CDDAA561EF55B3A006BCA28 /* Debug */ = {
			isa = XCBuildConfiguration;
			buildSettings = {
				DEVELOPMENT_TEAM = X8593ABXKE;
				PRODUCT_NAME = "$(TARGET_NAME)";
			};
			name = Debug;
		};
		4CDDAA571EF55B3A006BCA28 /* Release */ = {
			isa = XCBuildConfiguration;
			buildSettings = {
				DEVELOPMENT_TEAM = X8593ABXKE;
				PRODUCT_NAME = "$(TARGET_NAME)";
			};
			name = Release;
		};
/* End XCBuildConfiguration section */

/* Begin XCConfigurationList section */
		4CDDAA491EF55B3A006BCA28 /* Build configuration list for PBXProject "46-const-keyword" */ = {
			isa = XCConfigurationList;
			buildConfigurations = (
				4CDDAA531EF55B3A006BCA28 /* Debug */,
				4CDDAA541EF55B3A006BCA28 /* Release */,
			);
			defaultConfigurationIsVisible = 0;
			defaultConfigurationName = Release;
		};
		4CDDAA551EF55B3A006BCA28 /* Build configuration list for PBXNativeTarget "46-const-keyword" */ = {
			isa = XCConfigurationList;
			buildConfigurations = (
				4CDDAA561EF55B3A006BCA28 /* Debug */,
				4CDDAA571EF55B3A006BCA28 /* Release */,
			);
			defaultConfigurationIsVisible = 0;
		};
/* End XCConfigurationList section */
	};
	rootObject = 4CDDAA461EF55B3A006BCA28 /* Project object */;
}
