// !$*UTF8*$!
{
	archiveVersion = 1;
	classes = {
	};
	objectVersion = 46;
	objects = {

/* Begin PBXBuildFile section */
		4C8774BF1EF1193F00E93DDC /* main.cpp in Sources */ = {isa = PBXBuildFile; fileRef = 4C8774BE1EF1193F00E93DDC /* main.cpp */; };
		4C8774C71EF11B7700E93DDC /* Person.cpp in Sources */ = {isa = PBXBuildFile; fileRef = 4C8774C51EF11B7700E93DDC /* Person.cpp */; };
/* End PBXBuildFile section */

/* Begin PBXCopyFilesBuildPhase section */
		4C8774B91EF1193E00E93DDC /* CopyFiles */ = {
			isa = PBXCopyFilesBuildPhase;
			buildActionMask = 2147483647;
			dstPath = /usr/share/man/man1/;
			dstSubfolderSpec = 0;
			files = (
			);
			runOnlyForDeploymentPostprocessing = 1;
		};
/* End PBXCopyFilesBuildPhase section */

/* Begin PBXFileReference section */
		4C8774BB1EF1193F00E93DDC /* 38-constructor-initialisation-lists */ = {isa = PBXFileReference; explicitFileType = "compiled.mach-o.executable"; includeInIndex = 0; path = "38-constructor-initialisation-lists"; sourceTree = BUILT_PRODUCTS_DIR; };
		4C8774BE1EF1193F00E93DDC /* main.cpp */ = {isa = PBXFileReference; lastKnownFileType = sourcecode.cpp.cpp; path = main.cpp; sourceTree = "<group>"; };
		4C8774C51EF11B7700E93DDC /* Person.cpp */ = {isa = PBXFileReference; fileEncoding = 4; lastKnownFileType = sourcecode.cpp.cpp; path = Person.cpp; sourceTree = "<group>"; };
		4C8774C61EF11B7700E93DDC /* Person.hpp */ = {isa = PBXFileReference; fileEncoding = 4; lastKnownFileType = sourcecode.cpp.h; path = Person.hpp; sourceTree = "<group>"; };
/* End PBXFileReference section */

/* Begin PBXFrameworksBuildPhase section */
		4C8774B81EF1193E00E93DDC /* Frameworks */ = {
			isa = PBXFrameworksBuildPhase;
			buildActionMask = 2147483647;
			files = (
			);
			runOnlyForDeploymentPostprocessing = 0;
		};
/* End PBXFrameworksBuildPhase section */

/* Begin PBXGroup section */
		4C8774B21EF1193E00E93DDC = {
			isa = PBXGroup;
			children = (
				4C8774BD1EF1193F00E93DDC /* 38-constructor-initialisation-lists */,
				4C8774BC1EF1193F00E93DDC /* Products */,
			);
			sourceTree = "<group>";
		};
		4C8774BC1EF1193F00E93DDC /* Products */ = {
			isa = PBXGroup;
			children = (
				4C8774BB1EF1193F00E93DDC /* 38-constructor-initialisation-lists */,
			);
			name = Products;
			sourceTree = "<group>";
		};
		4C8774BD1EF1193F00E93DDC /* 38-constructor-initialisation-lists */ = {
			isa = PBXGroup;
			children = (
				4C8774BE1EF1193F00E93DDC /* main.cpp */,
				4C8774C51EF11B7700E93DDC /* Person.cpp */,
				4C8774C61EF11B7700E93DDC /* Person.hpp */,
			);
			path = "38-constructor-initialisation-lists";
			sourceTree = "<group>";
		};
/* End PBXGroup section */

/* Begin PBXNativeTarget section */
		4C8774BA1EF1193E00E93DDC /* 38-constructor-initialisation-lists */ = {
			isa = PBXNativeTarget;
			buildConfigurationList = 4C8774C21EF1193F00E93DDC /* Build configuration list for PBXNativeTarget "38-constructor-initialisation-lists" */;
			buildPhases = (
				4C8774B71EF1193E00E93DDC /* Sources */,
				4C8774B81EF1193E00E93DDC /* Frameworks */,
				4C8774B91EF1193E00E93DDC /* CopyFiles */,
			);
			buildRules = (
			);
			dependencies = (
			);
			name = "38-constructor-initialisation-lists";
			productName = "38-constructor-initialisation-lists";
			productReference = 4C8774BB1EF1193F00E93DDC /* 38-constructor-initialisation-lists */;
			productType = "com.apple.product-type.tool";
		};
/* End PBXNativeTarget section */

/* Begin PBXProject section */
		4C8774B31EF1193E00E93DDC /* Project object */ = {
			isa = PBXProject;
			attributes = {
				LastUpgradeCheck = 0810;
				ORGANIZATIONNAME = "Jessica Yung";
				TargetAttributes = {
					4C8774BA1EF1193E00E93DDC = {
						CreatedOnToolsVersion = 8.1;
						DevelopmentTeam = X8593ABXKE;
						ProvisioningStyle = Automatic;
					};
				};
			};
			buildConfigurationList = 4C8774B61EF1193E00E93DDC /* Build configuration list for PBXProject "38-constructor-initialisation-lists" */;
			compatibilityVersion = "Xcode 3.2";
			developmentRegion = English;
			hasScannedForEncodings = 0;
			knownRegions = (
				en,
			);
			mainGroup = 4C8774B21EF1193E00E93DDC;
			productRefGroup = 4C8774BC1EF1193F00E93DDC /* Products */;
			projectDirPath = "";
			projectRoot = "";
			targets = (
				4C8774BA1EF1193E00E93DDC /* 38-constructor-initialisation-lists */,
			);
		};
/* End PBXProject section */

/* Begin PBXSourcesBuildPhase section */
		4C8774B71EF1193E00E93DDC /* Sources */ = {
			isa = PBXSourcesBuildPhase;
			buildActionMask = 2147483647;
			files = (
				4C8774C71EF11B7700E93DDC /* Person.cpp in Sources */,
				4C8774BF1EF1193F00E93DDC /* main.cpp in Sources */,
			);
			runOnlyForDeploymentPostprocessing = 0;
		};
/* End PBXSourcesBuildPhase section */

/* Begin XCBuildConfiguration section */
		4C8774C01EF1193F00E93DDC /* Debug */ = {
			isa = XCBuildConfiguration;
			buildSettings = {
				ALWAYS_SEARCH_USER_PATHS = NO;
				CLANG_ANALYZER_NONNULL = YES;
				CLANG_CXX_LANGUAGE_STANDARD = "gnu++0x";
				CLANG_CXX_LIBRARY = "libc++";
				CLANG_ENABLE_MODULES = YES;
				CLANG_ENABLE_OBJC_ARC = YES;
				CLANG_WARN_BOOL_CONVERSION = YES;
				CLANG_WARN_CONSTANT_CONVERSION = YES;
				CLANG_WARN_DIRECT_OBJC_ISA_USAGE = YES_ERROR;
				CLANG_WARN_DOCUMENTATION_COMMENTS = YES;
				CLANG_WARN_EMPTY_BODY = YES;
				CLANG_WARN_ENUM_CONVERSION = YES;
				CLANG_WARN_INFINITE_RECURSION = YES;
				CLANG_WARN_INT_CONVERSION = YES;
				CLANG_WARN_OBJC_ROOT_CLASS = YES_ERROR;
				CLANG_WARN_SUSPICIOUS_MOVES = YES;
				CLANG_WARN_UNREACHABLE_CODE = YES;
				CLANG_WARN__DUPLICATE_METHOD_MATCH = YES;
				CODE_SIGN_IDENTITY = "-";
				COPY_PHASE_STRIP = NO;
				DEBUG_INFORMATION_FORMAT = dwarf;
				ENABLE_STRICT_OBJC_MSGSEND = YES;
				ENABLE_TESTABILITY = YES;
				GCC_C_LANGUAGE_STANDARD = gnu99;
				GCC_DYNAMIC_NO_PIC = NO;
				GCC_NO_COMMON_BLOCKS = YES;
				GCC_OPTIMIZATION_LEVEL = 0;
				GCC_PREPROCESSOR_DEFINITIONS = (
					"DEBUG=1",
					"$(inherited)",
				);
				GCC_WARN_64_TO_32_BIT_CONVERSION = YES;
				GCC_WARN_ABOUT_RETURN_TYPE = YES_ERROR;
				GCC_WARN_UNDECLARED_SELECTOR = YES;
				GCC_WARN_UNINITIALIZED_AUTOS = YES_AGGRESSIVE;
				GCC_WARN_UNUSED_FUNCTION = YES;
				GCC_WARN_UNUSED_VARIABLE = YES;
				MACOSX_DEPLOYMENT_TARGET = 10.12;
				MTL_ENABLE_DEBUG_INFO = YES;
				ONLY_ACTIVE_ARCH = YES;
				SDKROOT = macosx;
			};
			name = Debug;
		};
		4C8774C11EF1193F00E93DDC /* Release */ = {
			isa = XCBuildConfiguration;
			buildSettings = {
				ALWAYS_SEARCH_USER_PATHS = NO;
				CLANG_ANALYZER_NONNULL = YES;
				CLANG_CXX_LANGUAGE_STANDARD = "gnu++0x";
				CLANG_CXX_LIBRARY = "libc++";
				CLANG_ENABLE_MODULES = YES;
				CLANG_ENABLE_OBJC_ARC = YES;
				CLANG_WARN_BOOL_CONVERSION = YES;
				CLANG_WARN_CONSTANT_CONVERSION = YES;
				CLANG_WARN_DIRECT_OBJC_ISA_USAGE = YES_ERROR;
				CLANG_WARN_DOCUMENTATION_COMMENTS = YES;
				CLANG_WARN_EMPTY_BODY = YES;
				CLANG_WARN_ENUM_CONVERSION = YES;
				CLANG_WARN_INFINITE_RECURSION = YES;
				CLANG_WARN_INT_CONVERSION = YES;
				CLANG_WARN_OBJC_ROOT_CLASS = YES_ERROR;
				CLANG_WARN_SUSPICIOUS_MOVES = YES;
				CLANG_WARN_UNREACHABLE_CODE = YES;
				CLANG_WARN__DUPLICATE_METHOD_MATCH = YES;
				CODE_SIGN_IDENTITY = "-";
				COPY_PHASE_STRIP = NO;
				DEBUG_INFORMATION_FORMAT = "dwarf-with-dsym";
				ENABLE_NS_ASSERTIONS = NO;
				ENABLE_STRICT_OBJC_MSGSEND = YES;
				GCC_C_LANGUAGE_STANDARD = gnu99;
				GCC_NO_COMMON_BLOCKS = YES;
				GCC_WARN_64_TO_32_BIT_CONVERSION = YES;
				GCC_WARN_ABOUT_RETURN_TYPE = YES_ERROR;
				GCC_WARN_UNDECLARED_SELECTOR = YES;
				GCC_WARN_UNINITIALIZED_AUTOS = YES_AGGRESSIVE;
				GCC_WARN_UNUSED_FUNCTION = YES;
				GCC_WARN_UNUSED_VARIABLE = YES;
				MACOSX_DEPLOYMENT_TARGET = 10.12;
				MTL_ENABLE_DEBUG_INFO = NO;
				SDKROOT = macosx;
			};
			name = Release;
		};
		4C8774C31EF1193F00E93DDC /* Debug */ = {
			isa = XCBuildConfiguration;
			buildSettings = {
				DEVELOPMENT_TEAM = X8593ABXKE;
				PRODUCT_NAME = "$(TARGET_NAME)";
			};
			name = Debug;
		};
		4C8774C41EF1193F00E93DDC /* Release */ = {
			isa = XCBuildConfiguration;
			buildSettings = {
				DEVELOPMENT_TEAM = X8593ABXKE;
				PRODUCT_NAME = "$(TARGET_NAME)";
			};
			name = Release;
		};
/* End XCBuildConfiguration section */

/* Begin XCConfigurationList section */
		4C8774B61EF1193E00E93DDC /* Build configuration list for PBXProject "38-constructor-initialisation-lists" */ = {
			isa = XCConfigurationList;
			buildConfigurations = (
				4C8774C01EF1193F00E93DDC /* Debug */,
				4C8774C11EF1193F00E93DDC /* Release */,
			);
			defaultConfigurationIsVisible = 0;
			defaultConfigurationName = Release;
		};
		4C8774C21EF1193F00E93DDC /* Build configuration list for PBXNativeTarget "38-constructor-initialisation-lists" */ = {
			isa = XCConfigurationList;
			buildConfigurations = (
				4C8774C31EF1193F00E93DDC /* Debug */,
				4C8774C41EF1193F00E93DDC /* Release */,
			);
			defaultConfigurationIsVisible = 0;
		};
/* End XCConfigurationList section */
	};
	rootObject = 4C8774B31EF1193E00E93DDC /* Project object */;
}
